<Solution>
  <Folder Name="/Library/">
    <Project Path="Smart.Mapper.Generator/Smart.Mapper.Generator.csproj" />
    <Project Path="Smart.Mapper/Smart.Mapper.csproj">
      <BuildDependency Project="Smart.Mapper.Generator/Smart.Mapper.Generator.csproj" />
    </Project>
  </Folder>
  <Folder Name="/Solution Items/">
    <File Path=".editorconfig" />
    <File Path=".gitattributes" />
    <File Path=".gitignore" />
    <File Path="AGENTS.md" />
    <File Path="Analyzers.ruleset" />
    <File Path="CLAUDE.md" />
    <File Path="CodeCoverage.runsettings" />
    <File Path="Directory.Build.props" />
    <File Path="Directory.Build.targets" />
    <File Path="LICENSE" />
    <File Path="README.md" />
    <File Path="Smart.Mapper.props" />
    <File Path="Smart.Mapper.sln.DotSettings" />
  </Folder>
  <Folder Name="/Tests/">
    <Project Path="Smart.Mapper.AotTests/Smart.Mapper.AotTests.csproj" />
    <Project Path="Smart.Mapper.Generator.Tests/Smart.Mapper.Generator.Tests.csproj" />
    <Project Path="Smart.Mapper.Tests/Smart.Mapper.Tests.csproj" />
  </Folder>
  <Folder Name="/Tools/">
    <Project Path="Develop/Develop.csproj" />
    <Project Path="Smart.Mapper.Benchmark/Smart.Mapper.Benchmark.csproj" />
  </Folder>
</Solution>
