
Microsoft Visual Studio Solution File, Format Version 12.00
# Visual Studio Version 16
VisualStudioVersion = 16.0.31410.357
MinimumVisualStudioVersion = 10.0.40219.1
Project("{9A19103F-16F7-4668-BE54-9A1E7A4F7556}") = "Smart.Mapper", "Smart.Mapper\Smart.Mapper.csproj", "{705939E6-4233-4F54-8FD6-FC9C1FE57905}"
EndProject
Project("{9A19103F-16F7-4668-BE54-9A1E7A4F7556}") = "Smart.Mapper.Benchmark", "Smart.Mapper.Benchmark\Smart.Mapper.Benchmark.csproj", "{68F87649-AD8C-4726-89F1-139DDDA71250}"
EndProject
Project("{9A19103F-16F7-4668-BE54-9A1E7A4F7556}") = "Smart.Mapper.Tests", "Smart.Mapper.Tests\Smart.Mapper.Tests.csproj", "{8787259B-7B60-452F-B435-0DB78C06D6FB}"
EndProject
Project("{2150E333-8FDC-42A3-9474-1A3956D46DE8}") = "Solution Items", "Solution Items", "{F3D905BB-BC94-4D15-BC27-0010BD38BC01}"
	ProjectSection(SolutionItems) = preProject
		.editorconfig = .editorconfig
		.gitattributes = .gitattributes
		.gitignore = .gitignore
		Directory.Build.props = Directory.Build.props
		Directory.Build.targets = Directory.Build.targets
		LICENSE = LICENSE
		README.md = README.md
		Smart.Mapper.ruleset = Smart.Mapper.ruleset
		Smart.Mapper.sln.DotSettings = Smart.Mapper.sln.DotSettings
	EndProjectSection
EndProject
Global
	GlobalSection(SolutionConfigurationPlatforms) = preSolution
		Debug|Any CPU = Debug|Any CPU
		Release|Any CPU = Release|Any CPU
	EndGlobalSection
	GlobalSection(ProjectConfigurationPlatforms) = postSolution
		{705939E6-4233-4F54-8FD6-FC9C1FE57905}.Debug|Any CPU.ActiveCfg = Debug|Any CPU
		{705939E6-4233-4F54-8FD6-FC9C1FE57905}.Debug|Any CPU.Build.0 = Debug|Any CPU
		{705939E6-4233-4F54-8FD6-FC9C1FE57905}.Release|Any CPU.ActiveCfg = Release|Any CPU
		{705939E6-4233-4F54-8FD6-FC9C1FE57905}.Release|Any CPU.Build.0 = Release|Any CPU
		{68F87649-AD8C-4726-89F1-139DDDA71250}.Debug|Any CPU.ActiveCfg = Debug|Any CPU
		{68F87649-AD8C-4726-89F1-139DDDA71250}.Debug|Any CPU.Build.0 = Debug|Any CPU
		{68F87649-AD8C-4726-89F1-139DDDA71250}.Release|Any CPU.ActiveCfg = Release|Any CPU
		{68F87649-AD8C-4726-89F1-139DDDA71250}.Release|Any CPU.Build.0 = Release|Any CPU
		{8787259B-7B60-452F-B435-0DB78C06D6FB}.Debug|Any CPU.ActiveCfg = Debug|Any CPU
		{8787259B-7B60-452F-B435-0DB78C06D6FB}.Debug|Any CPU.Build.0 = Debug|Any CPU
		{8787259B-7B60-452F-B435-0DB78C06D6FB}.Release|Any CPU.ActiveCfg = Release|Any CPU
		{8787259B-7B60-452F-B435-0DB78C06D6FB}.Release|Any CPU.Build.0 = Release|Any CPU
	EndGlobalSection
	GlobalSection(SolutionProperties) = preSolution
		HideSolutionNode = FALSE
	EndGlobalSection
	GlobalSection(ExtensibilityGlobals) = postSolution
		SolutionGuid = {ED9E34F6-50BC-444D-910C-C0700EAC9F36}
	EndGlobalSection
EndGlobal
